
Microsoft Visual Studio Solution File, Format Version 12.00
# Visual Studio Version 16
VisualStudioVersion = 16.0.28714.193
MinimumVisualStudioVersion = 10.0.40219.1
Project("{FAE04EC0-301F-11D3-BF4B-00C04F79EFBC}") = "FurnacesInHand", "FurnacesInHand\FurnacesInHand.csproj", "{9F32C41D-CE20-45D7-8EE0-BCB73D917445}"
EndProject
Project("{FAE04EC0-301F-11D3-BF4B-00C04F79EFBC}") = "VSMPO_AVISMAControls", "VSMPO_AVISMAControls\VSMPO_AVISMAControls.csproj", "{037839C9-5424-495E-9A02-0DEEB048A1C3}"
EndProject
Project("{FAE04EC0-301F-11D3-BF4B-00C04F79EFBC}") = "RangeSliderControls", "RangeSliderControl\RangeSliderControls.csproj", "{E99CE19E-0AF8-4AB0-8586-834528782B19}"
EndProject
Project("{FAE04EC0-301F-11D3-BF4B-00C04F79EFBC}") = "TestRulerControl", "TestRulerControl\TestRulerControl.csproj", "{E6A815BF-B812-46F1-9D14-F732E9290E8D}"
EndProject
<<<<<<< HEAD
Project("{FAE04EC0-301F-11D3-BF4B-00C04F79EFBC}") = "RulerControl", "RulerControl\RulerControl.csproj", "{4F1D4704-502F-42B0-BE55-AAB83CE99FF7}"
EndProject
=======
>>>>>>> ee21672adf4db734e3617420caadc9bde574266a
Global
	GlobalSection(SolutionConfigurationPlatforms) = preSolution
		Debug|Any CPU = Debug|Any CPU
		Release|Any CPU = Release|Any CPU
	EndGlobalSection
	GlobalSection(ProjectConfigurationPlatforms) = postSolution
		{9F32C41D-CE20-45D7-8EE0-BCB73D917445}.Debug|Any CPU.ActiveCfg = Debug|Any CPU
		{9F32C41D-CE20-45D7-8EE0-BCB73D917445}.Debug|Any CPU.Build.0 = Debug|Any CPU
		{9F32C41D-CE20-45D7-8EE0-BCB73D917445}.Release|Any CPU.ActiveCfg = Release|Any CPU
		{9F32C41D-CE20-45D7-8EE0-BCB73D917445}.Release|Any CPU.Build.0 = Release|Any CPU
		{037839C9-5424-495E-9A02-0DEEB048A1C3}.Debug|Any CPU.ActiveCfg = Debug|Any CPU
		{037839C9-5424-495E-9A02-0DEEB048A1C3}.Debug|Any CPU.Build.0 = Debug|Any CPU
		{037839C9-5424-495E-9A02-0DEEB048A1C3}.Release|Any CPU.ActiveCfg = Release|Any CPU
		{037839C9-5424-495E-9A02-0DEEB048A1C3}.Release|Any CPU.Build.0 = Release|Any CPU
		{E99CE19E-0AF8-4AB0-8586-834528782B19}.Debug|Any CPU.ActiveCfg = Debug|Any CPU
		{E99CE19E-0AF8-4AB0-8586-834528782B19}.Debug|Any CPU.Build.0 = Debug|Any CPU
		{E99CE19E-0AF8-4AB0-8586-834528782B19}.Release|Any CPU.ActiveCfg = Release|Any CPU
		{E99CE19E-0AF8-4AB0-8586-834528782B19}.Release|Any CPU.Build.0 = Release|Any CPU
		{E6A815BF-B812-46F1-9D14-F732E9290E8D}.Debug|Any CPU.ActiveCfg = Debug|Any CPU
		{E6A815BF-B812-46F1-9D14-F732E9290E8D}.Debug|Any CPU.Build.0 = Debug|Any CPU
		{E6A815BF-B812-46F1-9D14-F732E9290E8D}.Release|Any CPU.ActiveCfg = Release|Any CPU
		{E6A815BF-B812-46F1-9D14-F732E9290E8D}.Release|Any CPU.Build.0 = Release|Any CPU
<<<<<<< HEAD
		{4F1D4704-502F-42B0-BE55-AAB83CE99FF7}.Debug|Any CPU.ActiveCfg = Debug|Any CPU
		{4F1D4704-502F-42B0-BE55-AAB83CE99FF7}.Debug|Any CPU.Build.0 = Debug|Any CPU
		{4F1D4704-502F-42B0-BE55-AAB83CE99FF7}.Release|Any CPU.ActiveCfg = Release|Any CPU
		{4F1D4704-502F-42B0-BE55-AAB83CE99FF7}.Release|Any CPU.Build.0 = Release|Any CPU
=======
>>>>>>> ee21672adf4db734e3617420caadc9bde574266a
	EndGlobalSection
	GlobalSection(SolutionProperties) = preSolution
		HideSolutionNode = FALSE
	EndGlobalSection
	GlobalSection(ExtensibilityGlobals) = postSolution
		SolutionGuid = {CEF5BBB8-E1F2-45DC-BDE7-C5B1269492DA}
	EndGlobalSection
EndGlobal
